
Microsoft Visual Studio Solution File, Format Version 12.00
# Visual Studio Version 17
VisualStudioVersion = 17.8.34408.163
MinimumVisualStudioVersion = 10.0.40219.1
Project("{FAE04EC0-301F-11D3-BF4B-00C04F79EFBC}") = "EventManagementAPI", "EventManagementAPI\EventManagementAPI.csproj", "{0C0CF1F6-78E5-44E4-AE0A-BF8E2C759F19}"
EndProject
Global
	GlobalSection(SolutionConfigurationPlatforms) = preSolution
		Debug|Any CPU = Debug|Any CPU
		Release|Any CPU = Release|Any CPU
	EndGlobalSection
	GlobalSection(ProjectConfigurationPlatforms) = postSolution
		{0C0CF1F6-78E5-44E4-AE0A-BF8E2C759F19}.Debug|Any CPU.ActiveCfg = Debug|Any CPU
		{0C0CF1F6-78E5-44E4-AE0A-BF8E2C759F19}.Debug|Any CPU.Build.0 = Debug|Any CPU
		{0C0CF1F6-78E5-44E4-AE0A-BF8E2C759F19}.Release|Any CPU.ActiveCfg = Release|Any CPU
		{0C0CF1F6-78E5-44E4-AE0A-BF8E2C759F19}.Release|Any CPU.Build.0 = Release|Any CPU
	EndGlobalSection
	GlobalSection(SolutionProperties) = preSolution
		HideSolutionNode = FALSE
	EndGlobalSection
	GlobalSection(ExtensibilityGlobals) = postSolution
		SolutionGuid = {06593579-EE90-4FA6-9A8C-1EF3C9EC268A}
	EndGlobalSection
EndGlobal
